<?xml version="1.0" encoding="utf-8"?>
<Project ToolsVersion="4.0" xmlns="http://schemas.microsoft.com/developer/msbuild/2003">
  <ItemGroup>
    <Filter Include="Header Files">
      <UniqueIdentifier>{93995380-89BD-4b04-88EB-625FBE52EBFB}</UniqueIdentifier>
      <Extensions>h;hh;hpp;hxx;h++;hm;inl;inc;ipp;xsd</Extensions>
    </Filter>
    <Filter Include="Resource Files">
      <UniqueIdentifier>{67DA6AB6-F800-4c08-8B7A-83BB121AAD01}</UniqueIdentifier>
      <Extensions>rc;ico;cur;bmp;dlg;rc2;rct;bin;rgs;gif;jpg;jpeg;jpe;resx;tiff;tif;png;wav;mfcribbon-ms</Extensions>
    </Filter>
    <Filter Include="wwwroot">
      <UniqueIdentifier>{6dc9f200-2784-474b-ba66-3d43ab8e6fcc}</UniqueIdentifier>
    </Filter>
    <Filter Include="Source Files">
      <UniqueIdentifier>{d2c63827-a14c-4744-8dc2-e26e79e3bdfb}</UniqueIdentifier>
    </Filter>
  </ItemGroup>
  <ItemGroup>
    <Text Include="conf.txt" />
  </ItemGroup>
  <ItemGroup>
    <ClInclude Include="src\include\chill_cbuffer.h">
      <Filter>Header Files</Filter>
    </ClInclude>
    <ClInclude Include="src\include\chill_errors.h">
      <Filter>Header Files</Filter>
    </ClInclude>
    <ClInclude Include="src\include\chill_config.h">
      <Filter>Header Files</Filter>
    </ClInclude>
    <ClInclude Include="src\include\chill_connection.h">
      <Filter>Header Files</Filter>
    </ClInclude>
    <ClInclude Include="src\include\chill_lua.h">
      <Filter>Header Files</Filter>
    </ClInclude>
    <ClInclude Include="src\include\chill_hashtable.h">
      <Filter>Header Files</Filter>
    </ClInclude>
    <ClInclude Include="src\include\chill_http.h">
      <Filter>Header Files</Filter>
    </ClInclude>
    <ClInclude Include="src\include\chill_list.h">
      <Filter>Header Files</Filter>
    </ClInclude>
    <ClInclude Include="src\include\chill_log.h">
      <Filter>Header Files</Filter>
    </ClInclude>
    <ClInclude Include="src\include\chill_pipeline.h">
      <Filter>Header Files</Filter>
    </ClInclude>
    <ClInclude Include="src\include\chill_router.h">
      <Filter>Header Files</Filter>
    </ClInclude>
    <ClInclude Include="src\include\chill_socket.h">
      <Filter>Header Files</Filter>
    </ClInclude>
    <ClInclude Include="src\include\chill_thread.h">
      <Filter>Header Files</Filter>
    </ClInclude>
  </ItemGroup>
  <ItemGroup>
    <ClCompile Include="src\chill_cbuffer.c">
      <Filter>Source Files</Filter>
    </ClCompile>
    <ClCompile Include="src\chill_config.c">
      <Filter>Source Files</Filter>
    </ClCompile>
    <ClCompile Include="src\chill_lua.c">
      <Filter>Source Files</Filter>
    </ClCompile>
    <ClCompile Include="src\chill_hashtable.c">
      <Filter>Source Files</Filter>
    </ClCompile>
    <ClCompile Include="src\chill_http.c">
      <Filter>Source Files</Filter>
    </ClCompile>
    <ClCompile Include="src\chill_log.c">
      <Filter>Source Files</Filter>
    </ClCompile>
    <ClCompile Include="src\chill_main.c">
      <Filter>Source Files</Filter>
    </ClCompile>
    <ClCompile Include="src\chill_pipeline.c">
      <Filter>Source Files</Filter>
    </ClCompile>
    <ClCompile Include="src\chill_router.c">
      <Filter>Source Files</Filter>
    </ClCompile>
    <ClCompile Include="src\chill_thread.c">
      <Filter>Source Files</Filter>
    </ClCompile>
  </ItemGroup>
</Project>